
Microsoft Visual Studio Solution File, Format Version 12.00
# Visual Studio 15
VisualStudioVersion = 15.0.26206.0
MinimumVisualStudioVersion = 10.0.40219.1
Project("{2150E333-8FDC-42A3-9474-1A3956D46DE8}") = "src", "src", "{E3D8A53D-A98B-41EB-BED1-2DBA850F8AA0}"
EndProject
Project("{2150E333-8FDC-42A3-9474-1A3956D46DE8}") = "Solution Items", "Solution Items", "{DA9C351E-D1F2-4FF5-A47F-D00D182682E8}"
	ProjectSection(SolutionItems) = preProject
		ReadMe.md = ReadMe.md
	EndProjectSection
EndProject
Project("{9A19103F-16F7-4668-BE54-9A1E7A4F7556}") = "ColorTranslations", "src\ColorTranslations\ColorTranslations.csproj", "{146C57A7-7C07-44DB-9338-3D8F8B56D053}"
EndProject
Project("{9A19103F-16F7-4668-BE54-9A1E7A4F7556}") = "StandardLibrary", "src\StandardLibrary\StandardLibrary.csproj", "{CE237F5E-6688-4F85-B525-1559D7D647B2}"
EndProject
Project("{9A19103F-16F7-4668-BE54-9A1E7A4F7556}") = "StandardLibrary.UnitTests", "src\StandardLibrary.UnitTests\StandardLibrary.UnitTests.csproj", "{D2F2BD5B-2BBD-4D36-8AD2-C5EA4930F7E0}"
EndProject
Project("{9A19103F-16F7-4668-BE54-9A1E7A4F7556}") = "ColorTranslations.UnitTests", "src\ColorTranslations.UnitTests\ColorTranslations.UnitTests.csproj", "{CA8E49A7-16F5-4766-ABF4-9ED7B8F2C3E4}"
EndProject
Global
	GlobalSection(SolutionConfigurationPlatforms) = preSolution
		Debug_Net2|Any CPU = Debug_Net2|Any CPU
		Debug_Net2|x64 = Debug_Net2|x64
		Debug_Net2|x86 = Debug_Net2|x86
		Debug|Any CPU = Debug|Any CPU
		Debug|x64 = Debug|x64
		Debug|x86 = Debug|x86
		Release_Net2|Any CPU = Release_Net2|Any CPU
		Release_Net2|x64 = Release_Net2|x64
		Release_Net2|x86 = Release_Net2|x86
		Release|Any CPU = Release|Any CPU
		Release|x64 = Release|x64
		Release|x86 = Release|x86
	EndGlobalSection
	GlobalSection(ProjectConfigurationPlatforms) = postSolution
		{146C57A7-7C07-44DB-9338-3D8F8B56D053}.Debug_Net2|Any CPU.ActiveCfg = Debug_Net2|Any CPU
		{146C57A7-7C07-44DB-9338-3D8F8B56D053}.Debug_Net2|Any CPU.Build.0 = Debug_Net2|Any CPU
		{146C57A7-7C07-44DB-9338-3D8F8B56D053}.Debug_Net2|x64.ActiveCfg = Debug_Net2|x64
		{146C57A7-7C07-44DB-9338-3D8F8B56D053}.Debug_Net2|x64.Build.0 = Debug_Net2|x64
		{146C57A7-7C07-44DB-9338-3D8F8B56D053}.Debug_Net2|x86.ActiveCfg = Debug_Net2|x86
		{146C57A7-7C07-44DB-9338-3D8F8B56D053}.Debug_Net2|x86.Build.0 = Debug_Net2|x86
		{146C57A7-7C07-44DB-9338-3D8F8B56D053}.Debug|Any CPU.ActiveCfg = Debug|Any CPU
		{146C57A7-7C07-44DB-9338-3D8F8B56D053}.Debug|Any CPU.Build.0 = Debug|Any CPU
		{146C57A7-7C07-44DB-9338-3D8F8B56D053}.Debug|x64.ActiveCfg = Debug|x64
		{146C57A7-7C07-44DB-9338-3D8F8B56D053}.Debug|x64.Build.0 = Debug|x64
		{146C57A7-7C07-44DB-9338-3D8F8B56D053}.Debug|x86.ActiveCfg = Debug|x86
		{146C57A7-7C07-44DB-9338-3D8F8B56D053}.Debug|x86.Build.0 = Debug|x86
		{146C57A7-7C07-44DB-9338-3D8F8B56D053}.Release_Net2|Any CPU.ActiveCfg = Release_Net2|Any CPU
		{146C57A7-7C07-44DB-9338-3D8F8B56D053}.Release_Net2|Any CPU.Build.0 = Release_Net2|Any CPU
		{146C57A7-7C07-44DB-9338-3D8F8B56D053}.Release_Net2|x64.ActiveCfg = Debug_Net2|x64
		{146C57A7-7C07-44DB-9338-3D8F8B56D053}.Release_Net2|x64.Build.0 = Debug_Net2|x64
		{146C57A7-7C07-44DB-9338-3D8F8B56D053}.Release_Net2|x86.ActiveCfg = Debug_Net2|x86
		{146C57A7-7C07-44DB-9338-3D8F8B56D053}.Release_Net2|x86.Build.0 = Debug_Net2|x86
		{146C57A7-7C07-44DB-9338-3D8F8B56D053}.Release|Any CPU.ActiveCfg = Release|Any CPU
		{146C57A7-7C07-44DB-9338-3D8F8B56D053}.Release|Any CPU.Build.0 = Release|Any CPU
		{146C57A7-7C07-44DB-9338-3D8F8B56D053}.Release|x64.ActiveCfg = Release|x64
		{146C57A7-7C07-44DB-9338-3D8F8B56D053}.Release|x64.Build.0 = Release|x64
		{146C57A7-7C07-44DB-9338-3D8F8B56D053}.Release|x86.ActiveCfg = Release|x86
		{146C57A7-7C07-44DB-9338-3D8F8B56D053}.Release|x86.Build.0 = Release|x86
		{CE237F5E-6688-4F85-B525-1559D7D647B2}.Debug_Net2|Any CPU.ActiveCfg = Debug_Net2|Any CPU
		{CE237F5E-6688-4F85-B525-1559D7D647B2}.Debug_Net2|Any CPU.Build.0 = Debug_Net2|Any CPU
		{CE237F5E-6688-4F85-B525-1559D7D647B2}.Debug_Net2|x64.ActiveCfg = Debug_Net2|x64
		{CE237F5E-6688-4F85-B525-1559D7D647B2}.Debug_Net2|x64.Build.0 = Debug_Net2|x64
		{CE237F5E-6688-4F85-B525-1559D7D647B2}.Debug_Net2|x86.ActiveCfg = Debug_Net2|x86
		{CE237F5E-6688-4F85-B525-1559D7D647B2}.Debug_Net2|x86.Build.0 = Debug_Net2|x86
		{CE237F5E-6688-4F85-B525-1559D7D647B2}.Debug|Any CPU.ActiveCfg = Debug|Any CPU
		{CE237F5E-6688-4F85-B525-1559D7D647B2}.Debug|Any CPU.Build.0 = Debug|Any CPU
		{CE237F5E-6688-4F85-B525-1559D7D647B2}.Debug|x64.ActiveCfg = Debug|x64
		{CE237F5E-6688-4F85-B525-1559D7D647B2}.Debug|x64.Build.0 = Debug|x64
		{CE237F5E-6688-4F85-B525-1559D7D647B2}.Debug|x86.ActiveCfg = Debug|x86
		{CE237F5E-6688-4F85-B525-1559D7D647B2}.Debug|x86.Build.0 = Debug|x86
		{CE237F5E-6688-4F85-B525-1559D7D647B2}.Release_Net2|Any CPU.ActiveCfg = Release_Net2|Any CPU
		{CE237F5E-6688-4F85-B525-1559D7D647B2}.Release_Net2|Any CPU.Build.0 = Release_Net2|Any CPU
		{CE237F5E-6688-4F85-B525-1559D7D647B2}.Release_Net2|x64.ActiveCfg = Debug_Net2|x64
		{CE237F5E-6688-4F85-B525-1559D7D647B2}.Release_Net2|x64.Build.0 = Debug_Net2|x64
		{CE237F5E-6688-4F85-B525-1559D7D647B2}.Release_Net2|x86.ActiveCfg = Debug_Net2|x86
		{CE237F5E-6688-4F85-B525-1559D7D647B2}.Release_Net2|x86.Build.0 = Debug_Net2|x86
		{CE237F5E-6688-4F85-B525-1559D7D647B2}.Release|Any CPU.ActiveCfg = Release|Any CPU
		{CE237F5E-6688-4F85-B525-1559D7D647B2}.Release|Any CPU.Build.0 = Release|Any CPU
		{CE237F5E-6688-4F85-B525-1559D7D647B2}.Release|x64.ActiveCfg = Release|x64
		{CE237F5E-6688-4F85-B525-1559D7D647B2}.Release|x64.Build.0 = Release|x64
		{CE237F5E-6688-4F85-B525-1559D7D647B2}.Release|x86.ActiveCfg = Release|x86
		{CE237F5E-6688-4F85-B525-1559D7D647B2}.Release|x86.Build.0 = Release|x86
		{D2F2BD5B-2BBD-4D36-8AD2-C5EA4930F7E0}.Debug_Net2|Any CPU.ActiveCfg = Debug_Net2|Any CPU
		{D2F2BD5B-2BBD-4D36-8AD2-C5EA4930F7E0}.Debug_Net2|Any CPU.Build.0 = Debug_Net2|Any CPU
		{D2F2BD5B-2BBD-4D36-8AD2-C5EA4930F7E0}.Debug_Net2|x64.ActiveCfg = Debug_Net2|x64
		{D2F2BD5B-2BBD-4D36-8AD2-C5EA4930F7E0}.Debug_Net2|x64.Build.0 = Debug_Net2|x64
		{D2F2BD5B-2BBD-4D36-8AD2-C5EA4930F7E0}.Debug_Net2|x86.ActiveCfg = Debug_Net2|x86
		{D2F2BD5B-2BBD-4D36-8AD2-C5EA4930F7E0}.Debug_Net2|x86.Build.0 = Debug_Net2|x86
		{D2F2BD5B-2BBD-4D36-8AD2-C5EA4930F7E0}.Debug|Any CPU.ActiveCfg = Debug|Any CPU
		{D2F2BD5B-2BBD-4D36-8AD2-C5EA4930F7E0}.Debug|Any CPU.Build.0 = Debug|Any CPU
		{D2F2BD5B-2BBD-4D36-8AD2-C5EA4930F7E0}.Debug|x64.ActiveCfg = Debug|x64
		{D2F2BD5B-2BBD-4D36-8AD2-C5EA4930F7E0}.Debug|x64.Build.0 = Debug|x64
		{D2F2BD5B-2BBD-4D36-8AD2-C5EA4930F7E0}.Debug|x86.ActiveCfg = Debug|x86
		{D2F2BD5B-2BBD-4D36-8AD2-C5EA4930F7E0}.Debug|x86.Build.0 = Debug|x86
		{D2F2BD5B-2BBD-4D36-8AD2-C5EA4930F7E0}.Release_Net2|Any CPU.ActiveCfg = Release_Net2|Any CPU
		{D2F2BD5B-2BBD-4D36-8AD2-C5EA4930F7E0}.Release_Net2|Any CPU.Build.0 = Release_Net2|Any CPU
		{D2F2BD5B-2BBD-4D36-8AD2-C5EA4930F7E0}.Release_Net2|x64.ActiveCfg = Debug_Net2|x64
		{D2F2BD5B-2BBD-4D36-8AD2-C5EA4930F7E0}.Release_Net2|x64.Build.0 = Debug_Net2|x64
		{D2F2BD5B-2BBD-4D36-8AD2-C5EA4930F7E0}.Release_Net2|x86.ActiveCfg = Debug_Net2|x86
		{D2F2BD5B-2BBD-4D36-8AD2-C5EA4930F7E0}.Release_Net2|x86.Build.0 = Debug_Net2|x86
		{D2F2BD5B-2BBD-4D36-8AD2-C5EA4930F7E0}.Release|Any CPU.ActiveCfg = Release|Any CPU
		{D2F2BD5B-2BBD-4D36-8AD2-C5EA4930F7E0}.Release|Any CPU.Build.0 = Release|Any CPU
		{D2F2BD5B-2BBD-4D36-8AD2-C5EA4930F7E0}.Release|x64.ActiveCfg = Release|x64
		{D2F2BD5B-2BBD-4D36-8AD2-C5EA4930F7E0}.Release|x64.Build.0 = Release|x64
		{D2F2BD5B-2BBD-4D36-8AD2-C5EA4930F7E0}.Release|x86.ActiveCfg = Release|x86
		{D2F2BD5B-2BBD-4D36-8AD2-C5EA4930F7E0}.Release|x86.Build.0 = Release|x86
		{CA8E49A7-16F5-4766-ABF4-9ED7B8F2C3E4}.Debug_Net2|Any CPU.ActiveCfg = Debug_Net2|Any CPU
		{CA8E49A7-16F5-4766-ABF4-9ED7B8F2C3E4}.Debug_Net2|Any CPU.Build.0 = Debug_Net2|Any CPU
		{CA8E49A7-16F5-4766-ABF4-9ED7B8F2C3E4}.Debug_Net2|x64.ActiveCfg = Debug_Net2|x64
		{CA8E49A7-16F5-4766-ABF4-9ED7B8F2C3E4}.Debug_Net2|x64.Build.0 = Debug_Net2|x64
		{CA8E49A7-16F5-4766-ABF4-9ED7B8F2C3E4}.Debug_Net2|x86.ActiveCfg = Debug_Net2|x86
		{CA8E49A7-16F5-4766-ABF4-9ED7B8F2C3E4}.Debug_Net2|x86.Build.0 = Debug_Net2|x86
		{CA8E49A7-16F5-4766-ABF4-9ED7B8F2C3E4}.Debug|Any CPU.ActiveCfg = Debug|Any CPU
		{CA8E49A7-16F5-4766-ABF4-9ED7B8F2C3E4}.Debug|Any CPU.Build.0 = Debug|Any CPU
		{CA8E49A7-16F5-4766-ABF4-9ED7B8F2C3E4}.Debug|x64.ActiveCfg = Debug|x64
		{CA8E49A7-16F5-4766-ABF4-9ED7B8F2C3E4}.Debug|x64.Build.0 = Debug|x64
		{CA8E49A7-16F5-4766-ABF4-9ED7B8F2C3E4}.Debug|x86.ActiveCfg = Debug|x86
		{CA8E49A7-16F5-4766-ABF4-9ED7B8F2C3E4}.Debug|x86.Build.0 = Debug|x86
		{CA8E49A7-16F5-4766-ABF4-9ED7B8F2C3E4}.Release_Net2|Any CPU.ActiveCfg = Release_Net2|Any CPU
		{CA8E49A7-16F5-4766-ABF4-9ED7B8F2C3E4}.Release_Net2|Any CPU.Build.0 = Release_Net2|Any CPU
		{CA8E49A7-16F5-4766-ABF4-9ED7B8F2C3E4}.Release_Net2|x64.ActiveCfg = Debug_Net2|x64
		{CA8E49A7-16F5-4766-ABF4-9ED7B8F2C3E4}.Release_Net2|x64.Build.0 = Debug_Net2|x64
		{CA8E49A7-16F5-4766-ABF4-9ED7B8F2C3E4}.Release_Net2|x86.ActiveCfg = Debug_Net2|x86
		{CA8E49A7-16F5-4766-ABF4-9ED7B8F2C3E4}.Release_Net2|x86.Build.0 = Debug_Net2|x86
		{CA8E49A7-16F5-4766-ABF4-9ED7B8F2C3E4}.Release|Any CPU.ActiveCfg = Release|Any CPU
		{CA8E49A7-16F5-4766-ABF4-9ED7B8F2C3E4}.Release|Any CPU.Build.0 = Release|Any CPU
		{CA8E49A7-16F5-4766-ABF4-9ED7B8F2C3E4}.Release|x64.ActiveCfg = Release|x64
		{CA8E49A7-16F5-4766-ABF4-9ED7B8F2C3E4}.Release|x64.Build.0 = Release|x64
		{CA8E49A7-16F5-4766-ABF4-9ED7B8F2C3E4}.Release|x86.ActiveCfg = Release|x86
		{CA8E49A7-16F5-4766-ABF4-9ED7B8F2C3E4}.Release|x86.Build.0 = Release|x86
	EndGlobalSection
	GlobalSection(SolutionProperties) = preSolution
		HideSolutionNode = FALSE
	EndGlobalSection
	GlobalSection(NestedProjects) = preSolution
		{146C57A7-7C07-44DB-9338-3D8F8B56D053} = {E3D8A53D-A98B-41EB-BED1-2DBA850F8AA0}
		{CE237F5E-6688-4F85-B525-1559D7D647B2} = {E3D8A53D-A98B-41EB-BED1-2DBA850F8AA0}
		{D2F2BD5B-2BBD-4D36-8AD2-C5EA4930F7E0} = {E3D8A53D-A98B-41EB-BED1-2DBA850F8AA0}
		{CA8E49A7-16F5-4766-ABF4-9ED7B8F2C3E4} = {E3D8A53D-A98B-41EB-BED1-2DBA850F8AA0}
	EndGlobalSection
EndGlobal
