
Microsoft Visual Studio Solution File, Format Version 12.00
# Visual Studio 14
VisualStudioVersion = 14.0.25420.1
MinimumVisualStudioVersion = 10.0.40219.1
Project("{2150E333-8FDC-42A3-9474-1A3956D46DE8}") = "src", "src", "{E3D8A53D-A98B-41EB-BED1-2DBA850F8AA0}"
EndProject
Project("{2150E333-8FDC-42A3-9474-1A3956D46DE8}") = "Solution Items", "Solution Items", "{DA9C351E-D1F2-4FF5-A47F-D00D182682E8}"
	ProjectSection(SolutionItems) = preProject
		global.json = global.json
	EndProjectSection
EndProject
Project("{8BB2217D-0F2D-49D1-97BC-3654ED321F3B}") = "ColourTranslator", "src\ColourTranslator\ColourTranslator.xproj", "{146C57A7-7C07-44DB-9338-3D8F8B56D053}"
EndProject
Global
	GlobalSection(SolutionConfigurationPlatforms) = preSolution
		Debug|Any CPU = Debug|Any CPU
		Release|Any CPU = Release|Any CPU
	EndGlobalSection
	GlobalSection(ProjectConfigurationPlatforms) = postSolution
		{146C57A7-7C07-44DB-9338-3D8F8B56D053}.Debug|Any CPU.ActiveCfg = Debug|Any CPU
		{146C57A7-7C07-44DB-9338-3D8F8B56D053}.Debug|Any CPU.Build.0 = Debug|Any CPU
		{146C57A7-7C07-44DB-9338-3D8F8B56D053}.Release|Any CPU.ActiveCfg = Release|Any CPU
		{146C57A7-7C07-44DB-9338-3D8F8B56D053}.Release|Any CPU.Build.0 = Release|Any CPU
	EndGlobalSection
	GlobalSection(SolutionProperties) = preSolution
		HideSolutionNode = FALSE
	EndGlobalSection
	GlobalSection(NestedProjects) = preSolution
		{146C57A7-7C07-44DB-9338-3D8F8B56D053} = {E3D8A53D-A98B-41EB-BED1-2DBA850F8AA0}
	EndGlobalSection
EndGlobal
